
Microsoft Visual Studio Solution File, Format Version 12.00
# Visual Studio Version 17
VisualStudioVersion = 17.0.31903.59
MinimumVisualStudioVersion = 10.0.40219.1
Project("{FAE04EC0-301F-11D3-BF4B-00C04F79EFBC}") = "ITOLED.Core", "ITOLED.Core\ITOLED.Core.csproj", "{C181E7CE-5618-4D99-9DFA-2D85508B414F}"
EndProject
Project("{FAE04EC0-301F-11D3-BF4B-00C04F79EFBC}") = "ITOLED.Messaging", "ITOLED.Messaging\ITOLED.Messaging.csproj", "{2A3FAD64-EF5D-4FA9-9545-7DD323997434}"
EndProject
Project("{FAE04EC0-301F-11D3-BF4B-00C04F79EFBC}") = "ITOLED.Hardware", "ITOLED.Hardware\ITOLED.Hardware.csproj", "{E3B036D5-F18A-44BE-8685-6C0ABA633786}"
EndProject
Project("{FAE04EC0-301F-11D3-BF4B-00C04F79EFBC}") = "ITOLED.BusinessLogic", "ITOLED.BusinessLogic\ITOLED.BusinessLogic.csproj", "{8834F4B1-3869-403E-A91E-F6E06228CF55}"
EndProject
Project("{FAE04EC0-301F-11D3-BF4B-00C04F79EFBC}") = "ITOLED.OC", "ITOLED.OC\ITOLED.OC.csproj", "{B324F647-3777-421F-84CC-FD7DD646C829}"
EndProject
Project("{FAE04EC0-301F-11D3-BF4B-00C04F79EFBC}") = "ITOLED.Tests", "ITOLED.Tests\ITOLED.Tests.csproj", "{452A1A62-86FB-4E07-8156-3FE2BE1E5532}"
EndProject
Global
	GlobalSection(SolutionConfigurationPlatforms) = preSolution
		Debug|Any CPU = Debug|Any CPU
		Debug|x64 = Debug|x64
		Debug|x86 = Debug|x86
		Release|Any CPU = Release|Any CPU
		Release|x64 = Release|x64
		Release|x86 = Release|x86
	EndGlobalSection
	GlobalSection(ProjectConfigurationPlatforms) = postSolution
		{C181E7CE-5618-4D99-9DFA-2D85508B414F}.Debug|Any CPU.ActiveCfg = Debug|Any CPU
		{C181E7CE-5618-4D99-9DFA-2D85508B414F}.Debug|Any CPU.Build.0 = Debug|Any CPU
		{C181E7CE-5618-4D99-9DFA-2D85508B414F}.Debug|x64.ActiveCfg = Debug|Any CPU
		{C181E7CE-5618-4D99-9DFA-2D85508B414F}.Debug|x64.Build.0 = Debug|Any CPU
		{C181E7CE-5618-4D99-9DFA-2D85508B414F}.Debug|x86.ActiveCfg = Debug|Any CPU
		{C181E7CE-5618-4D99-9DFA-2D85508B414F}.Debug|x86.Build.0 = Debug|Any CPU
		{C181E7CE-5618-4D99-9DFA-2D85508B414F}.Release|Any CPU.ActiveCfg = Release|Any CPU
		{C181E7CE-5618-4D99-9DFA-2D85508B414F}.Release|Any CPU.Build.0 = Release|Any CPU
		{C181E7CE-5618-4D99-9DFA-2D85508B414F}.Release|x64.ActiveCfg = Release|Any CPU
		{C181E7CE-5618-4D99-9DFA-2D85508B414F}.Release|x64.Build.0 = Release|Any CPU
		{C181E7CE-5618-4D99-9DFA-2D85508B414F}.Release|x86.ActiveCfg = Release|Any CPU
		{C181E7CE-5618-4D99-9DFA-2D85508B414F}.Release|x86.Build.0 = Release|Any CPU
		{2A3FAD64-EF5D-4FA9-9545-7DD323997434}.Debug|Any CPU.ActiveCfg = Debug|Any CPU
		{2A3FAD64-EF5D-4FA9-9545-7DD323997434}.Debug|Any CPU.Build.0 = Debug|Any CPU
		{2A3FAD64-EF5D-4FA9-9545-7DD323997434}.Debug|x64.ActiveCfg = Debug|Any CPU
		{2A3FAD64-EF5D-4FA9-9545-7DD323997434}.Debug|x64.Build.0 = Debug|Any CPU
		{2A3FAD64-EF5D-4FA9-9545-7DD323997434}.Debug|x86.ActiveCfg = Debug|Any CPU
		{2A3FAD64-EF5D-4FA9-9545-7DD323997434}.Debug|x86.Build.0 = Debug|Any CPU
		{2A3FAD64-EF5D-4FA9-9545-7DD323997434}.Release|Any CPU.ActiveCfg = Release|Any CPU
		{2A3FAD64-EF5D-4FA9-9545-7DD323997434}.Release|Any CPU.Build.0 = Release|Any CPU
		{2A3FAD64-EF5D-4FA9-9545-7DD323997434}.Release|x64.ActiveCfg = Release|Any CPU
		{2A3FAD64-EF5D-4FA9-9545-7DD323997434}.Release|x64.Build.0 = Release|Any CPU
		{2A3FAD64-EF5D-4FA9-9545-7DD323997434}.Release|x86.ActiveCfg = Release|Any CPU
		{2A3FAD64-EF5D-4FA9-9545-7DD323997434}.Release|x86.Build.0 = Release|Any CPU
		{E3B036D5-F18A-44BE-8685-6C0ABA633786}.Debug|Any CPU.ActiveCfg = Debug|Any CPU
		{E3B036D5-F18A-44BE-8685-6C0ABA633786}.Debug|Any CPU.Build.0 = Debug|Any CPU
		{E3B036D5-F18A-44BE-8685-6C0ABA633786}.Debug|x64.ActiveCfg = Debug|Any CPU
		{E3B036D5-F18A-44BE-8685-6C0ABA633786}.Debug|x64.Build.0 = Debug|Any CPU
		{E3B036D5-F18A-44BE-8685-6C0ABA633786}.Debug|x86.ActiveCfg = Debug|Any CPU
		{E3B036D5-F18A-44BE-8685-6C0ABA633786}.Debug|x86.Build.0 = Debug|Any CPU
		{E3B036D5-F18A-44BE-8685-6C0ABA633786}.Release|Any CPU.ActiveCfg = Release|Any CPU
		{E3B036D5-F18A-44BE-8685-6C0ABA633786}.Release|Any CPU.Build.0 = Release|Any CPU
		{E3B036D5-F18A-44BE-8685-6C0ABA633786}.Release|x64.ActiveCfg = Release|Any CPU
		{E3B036D5-F18A-44BE-8685-6C0ABA633786}.Release|x64.Build.0 = Release|Any CPU
		{E3B036D5-F18A-44BE-8685-6C0ABA633786}.Release|x86.ActiveCfg = Release|Any CPU
		{E3B036D5-F18A-44BE-8685-6C0ABA633786}.Release|x86.Build.0 = Release|Any CPU
		{8834F4B1-3869-403E-A91E-F6E06228CF55}.Debug|Any CPU.ActiveCfg = Debug|Any CPU
		{8834F4B1-3869-403E-A91E-F6E06228CF55}.Debug|Any CPU.Build.0 = Debug|Any CPU
		{8834F4B1-3869-403E-A91E-F6E06228CF55}.Debug|x64.ActiveCfg = Debug|Any CPU
		{8834F4B1-3869-403E-A91E-F6E06228CF55}.Debug|x64.Build.0 = Debug|Any CPU
		{8834F4B1-3869-403E-A91E-F6E06228CF55}.Debug|x86.ActiveCfg = Debug|Any CPU
		{8834F4B1-3869-403E-A91E-F6E06228CF55}.Debug|x86.Build.0 = Debug|Any CPU
		{8834F4B1-3869-403E-A91E-F6E06228CF55}.Release|Any CPU.ActiveCfg = Release|Any CPU
		{8834F4B1-3869-403E-A91E-F6E06228CF55}.Release|Any CPU.Build.0 = Release|Any CPU
		{8834F4B1-3869-403E-A91E-F6E06228CF55}.Release|x64.ActiveCfg = Release|Any CPU
		{8834F4B1-3869-403E-A91E-F6E06228CF55}.Release|x64.Build.0 = Release|Any CPU
		{8834F4B1-3869-403E-A91E-F6E06228CF55}.Release|x86.ActiveCfg = Release|Any CPU
		{8834F4B1-3869-403E-A91E-F6E06228CF55}.Release|x86.Build.0 = Release|Any CPU
		{B324F647-3777-421F-84CC-FD7DD646C829}.Debug|Any CPU.ActiveCfg = Debug|Any CPU
		{B324F647-3777-421F-84CC-FD7DD646C829}.Debug|Any CPU.Build.0 = Debug|Any CPU
		{B324F647-3777-421F-84CC-FD7DD646C829}.Debug|x64.ActiveCfg = Debug|Any CPU
		{B324F647-3777-421F-84CC-FD7DD646C829}.Debug|x64.Build.0 = Debug|Any CPU
		{B324F647-3777-421F-84CC-FD7DD646C829}.Debug|x86.ActiveCfg = Debug|Any CPU
		{B324F647-3777-421F-84CC-FD7DD646C829}.Debug|x86.Build.0 = Debug|Any CPU
		{B324F647-3777-421F-84CC-FD7DD646C829}.Release|Any CPU.ActiveCfg = Release|Any CPU
		{B324F647-3777-421F-84CC-FD7DD646C829}.Release|Any CPU.Build.0 = Release|Any CPU
		{B324F647-3777-421F-84CC-FD7DD646C829}.Release|x64.ActiveCfg = Release|Any CPU
		{B324F647-3777-421F-84CC-FD7DD646C829}.Release|x64.Build.0 = Release|Any CPU
		{B324F647-3777-421F-84CC-FD7DD646C829}.Release|x86.ActiveCfg = Release|Any CPU
		{B324F647-3777-421F-84CC-FD7DD646C829}.Release|x86.Build.0 = Release|Any CPU
		{452A1A62-86FB-4E07-8156-3FE2BE1E5532}.Debug|Any CPU.ActiveCfg = Debug|Any CPU
		{452A1A62-86FB-4E07-8156-3FE2BE1E5532}.Debug|Any CPU.Build.0 = Debug|Any CPU
		{452A1A62-86FB-4E07-8156-3FE2BE1E5532}.Debug|x64.ActiveCfg = Debug|Any CPU
		{452A1A62-86FB-4E07-8156-3FE2BE1E5532}.Debug|x64.Build.0 = Debug|Any CPU
		{452A1A62-86FB-4E07-8156-3FE2BE1E5532}.Debug|x86.ActiveCfg = Debug|Any CPU
		{452A1A62-86FB-4E07-8156-3FE2BE1E5532}.Debug|x86.Build.0 = Debug|Any CPU
		{452A1A62-86FB-4E07-8156-3FE2BE1E5532}.Release|Any CPU.ActiveCfg = Release|Any CPU
		{452A1A62-86FB-4E07-8156-3FE2BE1E5532}.Release|Any CPU.Build.0 = Release|Any CPU
		{452A1A62-86FB-4E07-8156-3FE2BE1E5532}.Release|x64.ActiveCfg = Release|Any CPU
		{452A1A62-86FB-4E07-8156-3FE2BE1E5532}.Release|x64.Build.0 = Release|Any CPU
		{452A1A62-86FB-4E07-8156-3FE2BE1E5532}.Release|x86.ActiveCfg = Release|Any CPU
		{452A1A62-86FB-4E07-8156-3FE2BE1E5532}.Release|x86.Build.0 = Release|Any CPU
	EndGlobalSection
	GlobalSection(SolutionProperties) = preSolution
		HideSolutionNode = FALSE
	EndGlobalSection
EndGlobal
